
Microsoft Visual Studio Solution File, Format Version 12.00
# Visual Studio Version 16
VisualStudioVersion = 16.0.32106.194
MinimumVisualStudioVersion = 10.0.40219.1
Project("{FAE04EC0-301F-11D3-BF4B-00C04F79EFBC}") = "AnotherWebTestApplication", "AnotherWebTestApplication\AnotherWebTestApplication.csproj", "{BE70C736-5685-4DED-971A-1BF0CBBE536F}"
EndProject
Global
	GlobalSection(SolutionConfigurationPlatforms) = preSolution
		Debug|Any CPU = Debug|Any CPU
		Release|Any CPU = Release|Any CPU
	EndGlobalSection
	GlobalSection(ProjectConfigurationPlatforms) = postSolution
		{BE70C736-5685-4DED-971A-1BF0CBBE536F}.Debug|Any CPU.ActiveCfg = Debug|Any CPU
		{BE70C736-5685-4DED-971A-1BF0CBBE536F}.Debug|Any CPU.Build.0 = Debug|Any CPU
		{BE70C736-5685-4DED-971A-1BF0CBBE536F}.Release|Any CPU.ActiveCfg = Release|Any CPU
		{BE70C736-5685-4DED-971A-1BF0CBBE536F}.Release|Any CPU.Build.0 = Release|Any CPU
	EndGlobalSection
	GlobalSection(SolutionProperties) = preSolution
		HideSolutionNode = FALSE
	EndGlobalSection
	GlobalSection(ExtensibilityGlobals) = postSolution
		SolutionGuid = {D9D23715-E6A7-4728-9A9A-BF7539D6C86D}
	EndGlobalSection
EndGlobal
